
Microsoft Visual Studio Solution File, Format Version 12.00
# Visual Studio 15
VisualStudioVersion = 15.0.27428.2037
MinimumVisualStudioVersion = 10.0.40219.1
Project("{FAE04EC0-301F-11D3-BF4B-00C04F79EFBC}") = "aurelia-razor-netcore2-skeleton", "aurelia-razor-netcore2-skeleton\aurelia-razor-netcore2-skeleton.csproj", "{50376F5D-893D-4396-BDF4-7CA378E6F09A}"
EndProject
Global
	GlobalSection(SolutionConfigurationPlatforms) = preSolution
		Debug|Any CPU = Debug|Any CPU
		Release|Any CPU = Release|Any CPU
	EndGlobalSection
	GlobalSection(ProjectConfigurationPlatforms) = postSolution
		{50376F5D-893D-4396-BDF4-7CA378E6F09A}.Debug|Any CPU.ActiveCfg = Debug|Any CPU
		{50376F5D-893D-4396-BDF4-7CA378E6F09A}.Debug|Any CPU.Build.0 = Debug|Any CPU
		{50376F5D-893D-4396-BDF4-7CA378E6F09A}.Release|Any CPU.ActiveCfg = Release|Any CPU
		{50376F5D-893D-4396-BDF4-7CA378E6F09A}.Release|Any CPU.Build.0 = Release|Any CPU
	EndGlobalSection
	GlobalSection(SolutionProperties) = preSolution
		HideSolutionNode = FALSE
	EndGlobalSection
	GlobalSection(ExtensibilityGlobals) = postSolution
		SolutionGuid = {7FC58BF3-7929-4DD0-8580-971524916AE0}
	EndGlobalSection
EndGlobal
