{
  "requires": true,
  "lockfileVersion": 1,
  "dependencies": {
    "aurelia-pal": {
      "version": "1.8.0",
      "resolved": "https://registry.npmjs.org/aurelia-pal/-/aurelia-pal-1.8.0.tgz",
      "integrity": "sha512-Nc9S/JTUh1ErSUwg4INhgwBTe99ef8gYXZLjBnP4JJBmLcc/ChhOvj/dSRwluPkosggQgyj2pjla/9VAYHAXPg==",
      "dev": true
    },
    "bootstrap": {
      "version": "3.3.7",
      "resolved": "https://registry.npmjs.org/bootstrap/-/bootstrap-3.3.7.tgz",
      "integrity": "sha1-WjiTlFSfIzMIdaOxUGVldPip63E=",
      "dev": true
    },
    "font-awesome": {
      "version": "4.7.0",
      "resolved": "https://registry.npmjs.org/font-awesome/-/font-awesome-4.7.0.tgz",
      "integrity": "sha1-j6jPBBGhoxr9B7BtKQK7n8gVoTM=",
      "dev": true
    },
    "jquery": {
      "version": "2.2.0",
      "resolved": "https://registry.npmjs.org/jquery/-/jquery-2.2.0.tgz",
      "integrity": "sha1-0OhOu/GZ2lG/fsOTB/GbNXVOnLo=",
      "dev": true
    },
    "jquery-validation": {
      "version": "1.14.0",
      "resolved": "https://registry.npmjs.org/jquery-validation/-/jquery-validation-1.14.0.tgz",
      "integrity": "sha1-uMBMnaGSkvwz4twFm2JMWTcVsjo=",
      "dev": true
    },
    "jquery-validation-unobtrusive": {
      "version": "3.2.6",
      "resolved": "https://registry.npmjs.org/jquery-validation-unobtrusive/-/jquery-validation-unobtrusive-3.2.6.tgz",
      "integrity": "sha1-D4dnxUYuMLSldD0SRh6AV9p1cuU=",
      "dev": true,
      "requires": {
        "jquery": "2.2.0",
        "jquery-validation": "1.14.0"
      }
    }
  }
}
